
Microsoft Visual Studio Solution File, Format Version 12.00
# Visual Studio Version 17
VisualStudioVersion = 17.0.31903.59
MinimumVisualStudioVersion = 10.0.40219.1
Project("{2150E333-8FDC-42A3-9474-1A3956D46DE8}") = "src", "src", "{9F29AC13-08F4-4C2A-A76C-2F0D823B7141}"
EndProject
Project("{FAE04EC0-301F-11D3-BF4B-00C04F79EFBC}") = "WebAPI", "src\WebAPI\WebAPI.csproj", "{63666F61-49C0-452C-A2CB-D23B80C6B6B7}"
EndProject
Project("{2150E333-8FDC-42A3-9474-1A3956D46DE8}") = "test", "test", "{2AF36AC3-8E3B-4C6E-9ABF-578878DFD0A3}"
EndProject
Project("{FAE04EC0-301F-11D3-BF4B-00C04F79EFBC}") = "WebAPITests", "test\WebAPITests\WebAPITests.csproj", "{9AB9782F-D4EF-4EF1-980C-1BECC43C1E91}"
EndProject
Global
	GlobalSection(SolutionConfigurationPlatforms) = preSolution
		Debug|Any CPU = Debug|Any CPU
		Release|Any CPU = Release|Any CPU
	EndGlobalSection
	GlobalSection(SolutionProperties) = preSolution
		HideSolutionNode = FALSE
	EndGlobalSection
	GlobalSection(ProjectConfigurationPlatforms) = postSolution
		{63666F61-49C0-452C-A2CB-D23B80C6B6B7}.Debug|Any CPU.ActiveCfg = Debug|Any CPU
		{63666F61-49C0-452C-A2CB-D23B80C6B6B7}.Debug|Any CPU.Build.0 = Debug|Any CPU
		{63666F61-49C0-452C-A2CB-D23B80C6B6B7}.Release|Any CPU.ActiveCfg = Release|Any CPU
		{63666F61-49C0-452C-A2CB-D23B80C6B6B7}.Release|Any CPU.Build.0 = Release|Any CPU
		{9AB9782F-D4EF-4EF1-980C-1BECC43C1E91}.Debug|Any CPU.ActiveCfg = Debug|Any CPU
		{9AB9782F-D4EF-4EF1-980C-1BECC43C1E91}.Debug|Any CPU.Build.0 = Debug|Any CPU
		{9AB9782F-D4EF-4EF1-980C-1BECC43C1E91}.Release|Any CPU.ActiveCfg = Release|Any CPU
		{9AB9782F-D4EF-4EF1-980C-1BECC43C1E91}.Release|Any CPU.Build.0 = Release|Any CPU
	EndGlobalSection
	GlobalSection(NestedProjects) = preSolution
		{63666F61-49C0-452C-A2CB-D23B80C6B6B7} = {9F29AC13-08F4-4C2A-A76C-2F0D823B7141}
		{9AB9782F-D4EF-4EF1-980C-1BECC43C1E91} = {2AF36AC3-8E3B-4C6E-9ABF-578878DFD0A3}
	EndGlobalSection
EndGlobal
